// !$*UTF8*$!
{
	archiveVersion = 1;
	classes = {
	};
	objectVersion = 50;
	objects = {

/* Begin PBXBuildFile section */
		75DB31092BC93C3A0090DFAC /* AppDelegate.m in Sources */ = {isa = PBXBuildFile; fileRef = 75DB31082BC93C3A0090DFAC /* AppDelegate.m */; };
		75DB310C2BC93C3A0090DFAC /* SceneDelegate.m in Sources */ = {isa = PBXBuildFile; fileRef = 75DB310B2BC93C3A0090DFAC /* SceneDelegate.m */; };
		75DB310F2BC93C3A0090DFAC /* ViewController.m in Sources */ = {isa = PBXBuildFile; fileRef = 75DB310E2BC93C3A0090DFAC /* ViewController.m */; };
		75DB31122BC93C3A0090DFAC /* Main.storyboard in Resources */ = {isa = PBXBuildFile; fileRef = 75DB31102BC93C3A0090DFAC /* Main.storyboard */; };
		75DB31142BC93C3B0090DFAC /* Assets.xcassets in Resources */ = {isa = PBXBuildFile; fileRef = 75DB31132BC93C3B0090DFAC /* Assets.xcassets */; };
		75DB31172BC93C3B0090DFAC /* LaunchScreen.storyboard in Resources */ = {isa = PBXBuildFile; fileRef = 75DB31152BC93C3B0090DFAC /* LaunchScreen.storyboard */; };
		75DB311A2BC93C3B0090DFAC /* main.m in Sources */ = {isa = PBXBuildFile; fileRef = 75DB31192BC93C3B0090DFAC /* main.m */; };
		75DB31232BC93C830090DFAC /* Robot.m in Sources */ = {isa = PBXBuildFile; fileRef = 75DB31222BC93C830090DFAC /* Robot.m */; };
		75DB312A2BC9430A0090DFAC /* DefaultViewController.m in Sources */ = {isa = PBXBuildFile; fileRef = 75DB31292BC9430A0090DFAC /* DefaultViewController.m */; };
/* End PBXBuildFile section */

/* Begin PBXFileReference section */
		75DB31042BC93C3A0090DFAC /* Hw6.app */ = {isa = PBXFileReference; explicitFileType = wrapper.application; includeInIndex = 0; path = Hw6.app; sourceTree = BUILT_PRODUCTS_DIR; };
		75DB31072BC93C3A0090DFAC /* AppDelegate.h */ = {isa = PBXFileReference; lastKnownFileType = sourcecode.c.h; path = AppDelegate.h; sourceTree = "<group>"; };
		75DB31082BC93C3A0090DFAC /* AppDelegate.m */ = {isa = PBXFileReference; lastKnownFileType = sourcecode.c.objc; path = AppDelegate.m; sourceTree = "<group>"; };
		75DB310A2BC93C3A0090DFAC /* SceneDelegate.h */ = {isa = PBXFileReference; lastKnownFileType = sourcecode.c.h; path = SceneDelegate.h; sourceTree = "<group>"; };
		75DB310B2BC93C3A0090DFAC /* SceneDelegate.m */ = {isa = PBXFileReference; lastKnownFileType = sourcecode.c.objc; path = SceneDelegate.m; sourceTree = "<group>"; };
		75DB310D2BC93C3A0090DFAC /* ViewController.h */ = {isa = PBXFileReference; lastKnownFileType = sourcecode.c.h; path = ViewController.h; sourceTree = "<group>"; };
		75DB310E2BC93C3A0090DFAC /* ViewController.m */ = {isa = PBXFileReference; lastKnownFileType = sourcecode.c.objc; path = ViewController.m; sourceTree = "<group>"; };
		75DB31112BC93C3A0090DFAC /* Base */ = {isa = PBXFileReference; lastKnownFileType = file.storyboard; name = Base; path = Base.lproj/Main.storyboard; sourceTree = "<group>"; };
		75DB31132BC93C3B0090DFAC /* Assets.xcassets */ = {isa = PBXFileReference; lastKnownFileType = folder.assetcatalog; path = Assets.xcassets; sourceTree = "<group>"; };
		75DB31162BC93C3B0090DFAC /* Base */ = {isa = PBXFileReference; lastKnownFileType = file.storyboard; name = Base; path = Base.lproj/LaunchScreen.storyboard; sourceTree = "<group>"; };
		75DB31182BC93C3B0090DFAC /* Info.plist */ = {isa = PBXFileReference; lastKnownFileType = text.plist.xml; path = Info.plist; sourceTree = "<group>"; };
		75DB31192BC93C3B0090DFAC /* main.m */ = {isa = PBXFileReference; lastKnownFileType = sourcecode.c.objc; path = main.m; sourceTree = "<group>"; };
		75DB31212BC93C830090DFAC /* Robot.h */ = {isa = PBXFileReference; lastKnownFileType = sourcecode.c.h; path = Robot.h; sourceTree = "<group>"; };
		75DB31222BC93C830090DFAC /* Robot.m */ = {isa = PBXFileReference; lastKnownFileType = sourcecode.c.objc; path = Robot.m; sourceTree = "<group>"; };
		75DB31282BC9430A0090DFAC /* DefaultViewController.h */ = {isa = PBXFileReference; lastKnownFileType = sourcecode.c.h; path = DefaultViewController.h; sourceTree = "<group>"; };
		75DB31292BC9430A0090DFAC /* DefaultViewController.m */ = {isa = PBXFileReference; lastKnownFileType = sourcecode.c.objc; path = DefaultViewController.m; sourceTree = "<group>"; };
/* End PBXFileReference section */

/* Begin PBXFrameworksBuildPhase section */
		75DB31012BC93C3A0090DFAC /* Frameworks */ = {
			isa = PBXFrameworksBuildPhase;
			buildActionMask = 2147483647;
			files = (
			);
			runOnlyForDeploymentPostprocessing = 0;
		};
/* End PBXFrameworksBuildPhase section */

/* Begin PBXGroup section */
		75DB30FB2BC93C3A0090DFAC = {
			isa = PBXGroup;
			children = (
				75DB31062BC93C3A0090DFAC /* Hw6 */,
				75DB31052BC93C3A0090DFAC /* Products */,
			);
			sourceTree = "<group>";
		};
		75DB31052BC93C3A0090DFAC /* Products */ = {
			isa = PBXGroup;
			children = (
				75DB31042BC93C3A0090DFAC /* Hw6.app */,
			);
			name = Products;
			sourceTree = "<group>";
		};
		75DB31062BC93C3A0090DFAC /* Hw6 */ = {
			isa = PBXGroup;
			children = (
				75DB31072BC93C3A0090DFAC /* AppDelegate.h */,
				75DB31082BC93C3A0090DFAC /* AppDelegate.m */,
				75DB310A2BC93C3A0090DFAC /* SceneDelegate.h */,
				75DB310B2BC93C3A0090DFAC /* SceneDelegate.m */,
				75DB310D2BC93C3A0090DFAC /* ViewController.h */,
				75DB310E2BC93C3A0090DFAC /* ViewController.m */,
				75DB31282BC9430A0090DFAC /* DefaultViewController.h */,
				75DB31292BC9430A0090DFAC /* DefaultViewController.m */,
				75DB31102BC93C3A0090DFAC /* Main.storyboard */,
				75DB31132BC93C3B0090DFAC /* Assets.xcassets */,
				75DB31152BC93C3B0090DFAC /* LaunchScreen.storyboard */,
				75DB31182BC93C3B0090DFAC /* Info.plist */,
				75DB31192BC93C3B0090DFAC /* main.m */,
				75DB31212BC93C830090DFAC /* Robot.h */,
				75DB31222BC93C830090DFAC /* Robot.m */,
			);
			path = Hw6;
			sourceTree = "<group>";
		};
/* End PBXGroup section */

/* Begin PBXNativeTarget section */
		75DB31032BC93C3A0090DFAC /* Hw6 */ = {
			isa = PBXNativeTarget;
			buildConfigurationList = 75DB311D2BC93C3B0090DFAC /* Build configuration list for PBXNativeTarget "Hw6" */;
			buildPhases = (
				75DB31002BC93C3A0090DFAC /* Sources */,
				75DB31012BC93C3A0090DFAC /* Frameworks */,
				75DB31022BC93C3A0090DFAC /* Resources */,
			);
			buildRules = (
			);
			dependencies = (
			);
			name = Hw6;
			productName = Hw6;
			productReference = 75DB31042BC93C3A0090DFAC /* Hw6.app */;
			productType = "com.apple.product-type.application";
		};
/* End PBXNativeTarget section */

/* Begin PBXProject section */
		75DB30FC2BC93C3A0090DFAC /* Project object */ = {
			isa = PBXProject;
			attributes = {
				LastUpgradeCheck = 1240;
				TargetAttributes = {
					75DB31032BC93C3A0090DFAC = {
						CreatedOnToolsVersion = 12.4;
					};
				};
			};
			buildConfigurationList = 75DB30FF2BC93C3A0090DFAC /* Build configuration list for PBXProject "Hw6" */;
			compatibilityVersion = "Xcode 9.3";
			developmentRegion = en;
			hasScannedForEncodings = 0;
			knownRegions = (
				en,
				Base,
			);
			mainGroup = 75DB30FB2BC93C3A0090DFAC;
			productRefGroup = 75DB31052BC93C3A0090DFAC /* Products */;
			projectDirPath = "";
			projectRoot = "";
			targets = (
				75DB31032BC93C3A0090DFAC /* Hw6 */,
			);
		};
/* End PBXProject section */

/* Begin PBXResourcesBuildPhase section */
		75DB31022BC93C3A0090DFAC /* Resources */ = {
			isa = PBXResourcesBuildPhase;
			buildActionMask = 2147483647;
			files = (
				75DB31172BC93C3B0090DFAC /* LaunchScreen.storyboard in Resources */,
				75DB31142BC93C3B0090DFAC /* Assets.xcassets in Resources */,
				75DB31122BC93C3A0090DFAC /* Main.storyboard in Resources */,
			);
			runOnlyForDeploymentPostprocessing = 0;
		};
/* End PBXResourcesBuildPhase section */

/* Begin PBXSourcesBuildPhase section */
		75DB31002BC93C3A0090DFAC /* Sources */ = {
			isa = PBXSourcesBuildPhase;
			buildActionMask = 2147483647;
			files = (
				75DB310F2BC93C3A0090DFAC /* ViewController.m in Sources */,
				75DB31092BC93C3A0090DFAC /* AppDelegate.m in Sources */,
				75DB311A2BC93C3B0090DFAC /* main.m in Sources */,
				75DB310C2BC93C3A0090DFAC /* SceneDelegate.m in Sources */,
				75DB312A2BC9430A0090DFAC /* DefaultViewController.m in Sources */,
				75DB31232BC93C830090DFAC /* Robot.m in Sources */,
			);
			runOnlyForDeploymentPostprocessing = 0;
		};
/* End PBXSourcesBuildPhase section */

/* Begin PBXVariantGroup section */
		75DB31102BC93C3A0090DFAC /* Main.storyboard */ = {
			isa = PBXVariantGroup;
			children = (
				75DB31112BC93C3A0090DFAC /* Base */,
			);
			name = Main.storyboard;
			sourceTree = "<group>";
		};
		75DB31152BC93C3B0090DFAC /* LaunchScreen.storyboard */ = {
			isa = PBXVariantGroup;
			children = (
				75DB31162BC93C3B0090DFAC /* Base */,
			);
			name = LaunchScreen.storyboard;
			sourceTree = "<group>";
		};
/* End PBXVariantGroup section */

/* Begin XCBuildConfiguration section */
		75DB311B2BC93C3B0090DFAC /* Debug */ = {
			isa = XCBuildConfiguration;
			buildSettings = {
				ALWAYS_SEARCH_USER_PATHS = NO;
				CLANG_ANALYZER_NONNULL = YES;
				CLANG_ANALYZER_NUMBER_OBJECT_CONVERSION = YES_AGGRESSIVE;
				CLANG_CXX_LANGUAGE_STANDARD = "gnu++14";
				CLANG_CXX_LIBRARY = "libc++";
				CLANG_ENABLE_MODULES = YES;
				CLANG_ENABLE_OBJC_ARC = YES;
				CLANG_ENABLE_OBJC_WEAK = YES;
				CLANG_WARN_BLOCK_CAPTURE_AUTORELEASING = YES;
				CLANG_WARN_BOOL_CONVERSION = YES;
				CLANG_WARN_COMMA = YES;
				CLANG_WARN_CONSTANT_CONVERSION = YES;
				CLANG_WARN_DEPRECATED_OBJC_IMPLEMENTATIONS = YES;
				CLANG_WARN_DIRECT_OBJC_ISA_USAGE = YES_ERROR;
				CLANG_WARN_DOCUMENTATION_COMMENTS = YES;
				CLANG_WARN_EMPTY_BODY = YES;
				CLANG_WARN_ENUM_CONVERSION = YES;
				CLANG_WARN_INFINITE_RECURSION = YES;
				CLANG_WARN_INT_CONVERSION = YES;
				CLANG_WARN_NON_LITERAL_NULL_CONVERSION = YES;
				CLANG_WARN_OBJC_IMPLICIT_RETAIN_SELF = YES;
				CLANG_WARN_OBJC_LITERAL_CONVERSION = YES;
				CLANG_WARN_OBJC_ROOT_CLASS = YES_ERROR;
				CLANG_WARN_QUOTED_INCLUDE_IN_FRAMEWORK_HEADER = YES;
				CLANG_WARN_RANGE_LOOP_ANALYSIS = YES;
				CLANG_WARN_STRICT_PROTOTYPES = YES;
				CLANG_WARN_SUSPICIOUS_MOVE = YES;
				CLANG_WARN_UNGUARDED_AVAILABILITY = YES_AGGRESSIVE;
				CLANG_WARN_UNREACHABLE_CODE = YES;
				CLANG_WARN__DUPLICATE_METHOD_MATCH = YES;
				COPY_PHASE_STRIP = NO;
				DEBUG_INFORMATION_FORMAT = dwarf;
				ENABLE_STRICT_OBJC_MSGSEND = YES;
				ENABLE_TESTABILITY = YES;
				GCC_C_LANGUAGE_STANDARD = gnu11;
				GCC_DYNAMIC_NO_PIC = NO;
				GCC_NO_COMMON_BLOCKS = NO;
				GCC_OPTIMIZATION_LEVEL = 0;
				GCC_PREPROCESSOR_DEFINITIONS = (
					"DEBUG=1",
					"$(inherited)",
				);
				GCC_WARN_64_TO_32_BIT_CONVERSION = YES;
				GCC_WARN_ABOUT_RETURN_TYPE = YES_ERROR;
				GCC_WARN_UNDECLARED_SELECTOR = YES;
				GCC_WARN_UNINITIALIZED_AUTOS = YES_AGGRESSIVE;
				GCC_WARN_UNUSED_FUNCTION = YES;
				GCC_WARN_UNUSED_VARIABLE = YES;
				IPHONEOS_DEPLOYMENT_TARGET = 14.4;
				MTL_ENABLE_DEBUG_INFO = INCLUDE_SOURCE;
				MTL_FAST_MATH = YES;
				ONLY_ACTIVE_ARCH = YES;
				SDKROOT = iphoneos;
			};
			name = Debug;
		};
		75DB311C2BC93C3B0090DFAC /* Release */ = {
			isa = XCBuildConfiguration;
			buildSettings = {
				ALWAYS_SEARCH_USER_PATHS = NO;
				CLANG_ANALYZER_NONNULL = YES;
				CLANG_ANALYZER_NUMBER_OBJECT_CONVERSION = YES_AGGRESSIVE;
				CLANG_CXX_LANGUAGE_STANDARD = "gnu++14";
				CLANG_CXX_LIBRARY = "libc++";
				CLANG_ENABLE_MODULES = YES;
				CLANG_ENABLE_OBJC_ARC = YES;
				CLANG_ENABLE_OBJC_WEAK = YES;
				CLANG_WARN_BLOCK_CAPTURE_AUTORELEASING = YES;
				CLANG_WARN_BOOL_CONVERSION = YES;
				CLANG_WARN_COMMA = YES;
				CLANG_WARN_CONSTANT_CONVERSION = YES;
				CLANG_WARN_DEPRECATED_OBJC_IMPLEMENTATIONS = YES;
				CLANG_WARN_DIRECT_OBJC_ISA_USAGE = YES_ERROR;
				CLANG_WARN_DOCUMENTATION_COMMENTS = YES;
				CLANG_WARN_EMPTY_BODY = YES;
				CLANG_WARN_ENUM_CONVERSION = YES;
				CLANG_WARN_INFINITE_RECURSION = YES;
				CLANG_WARN_INT_CONVERSION = YES;
				CLANG_WARN_NON_LITERAL_NULL_CONVERSION = YES;
				CLANG_WARN_OBJC_IMPLICIT_RETAIN_SELF = YES;
				CLANG_WARN_OBJC_LITERAL_CONVERSION = YES;
				CLANG_WARN_OBJC_ROOT_CLASS = YES_ERROR;
				CLANG_WARN_QUOTED_INCLUDE_IN_FRAMEWORK_HEADER = YES;
				CLANG_WARN_RANGE_LOOP_ANALYSIS = YES;
				CLANG_WARN_STRICT_PROTOTYPES = YES;
				CLANG_WARN_SUSPICIOUS_MOVE = YES;
				CLANG_WARN_UNGUARDED_AVAILABILITY = YES_AGGRESSIVE;
				CLANG_WARN_UNREACHABLE_CODE = YES;
				CLANG_WARN__DUPLICATE_METHOD_MATCH = YES;
				COPY_PHASE_STRIP = NO;
				DEBUG_INFORMATION_FORMAT = "dwarf-with-dsym";
				ENABLE_NS_ASSERTIONS = NO;
				ENABLE_STRICT_OBJC_MSGSEND = YES;
				GCC_C_LANGUAGE_STANDARD = gnu11;
				GCC_NO_COMMON_BLOCKS = NO;
				GCC_WARN_64_TO_32_BIT_CONVERSION = YES;
				GCC_WARN_ABOUT_RETURN_TYPE = YES_ERROR;
				GCC_WARN_UNDECLARED_SELECTOR = YES;
				GCC_WARN_UNINITIALIZED_AUTOS = YES_AGGRESSIVE;
				GCC_WARN_UNUSED_FUNCTION = YES;
				GCC_WARN_UNUSED_VARIABLE = YES;
				IPHONEOS_DEPLOYMENT_TARGET = 14.4;
				MTL_ENABLE_DEBUG_INFO = NO;
				MTL_FAST_MATH = YES;
				SDKROOT = iphoneos;
				VALIDATE_PRODUCT = YES;
			};
			name = Release;
		};
		75DB311E2BC93C3B0090DFAC /* Debug */ = {
			isa = XCBuildConfiguration;
			buildSettings = {
				ASSETCATALOG_COMPILER_APPICON_NAME = AppIcon;
				ASSETCATALOG_COMPILER_GLOBAL_ACCENT_COLOR_NAME = AccentColor;
				CODE_SIGN_STYLE = Automatic;
				INFOPLIST_FILE = Hw6/Info.plist;
				LD_RUNPATH_SEARCH_PATHS = (
					"$(inherited)",
					"@executable_path/Frameworks",
				);
				PRODUCT_BUNDLE_IDENTIFIER = "-23.Hw6";
				PRODUCT_NAME = "$(TARGET_NAME)";
				TARGETED_DEVICE_FAMILY = "1,2";
			};
			name = Debug;
		};
		75DB311F2BC93C3B0090DFAC /* Release */ = {
			isa = XCBuildConfiguration;
			buildSettings = {
				ASSETCATALOG_COMPILER_APPICON_NAME = AppIcon;
				ASSETCATALOG_COMPILER_GLOBAL_ACCENT_COLOR_NAME = AccentColor;
				CODE_SIGN_STYLE = Automatic;
				INFOPLIST_FILE = Hw6/Info.plist;
				LD_RUNPATH_SEARCH_PATHS = (
					"$(inherited)",
					"@executable_path/Frameworks",
				);
				PRODUCT_BUNDLE_IDENTIFIER = "-23.Hw6";
				PRODUCT_NAME = "$(TARGET_NAME)";
				TARGETED_DEVICE_FAMILY = "1,2";
			};
			name = Release;
		};
/* End XCBuildConfiguration section */

/* Begin XCConfigurationList section */
		75DB30FF2BC93C3A0090DFAC /* Build configuration list for PBXProject "Hw6" */ = {
			isa = XCConfigurationList;
			buildConfigurations = (
				75DB311B2BC93C3B0090DFAC /* Debug */,
				75DB311C2BC93C3B0090DFAC /* Release */,
			);
			defaultConfigurationIsVisible = 0;
			defaultConfigurationName = Release;
		};
		75DB311D2BC93C3B0090DFAC /* Build configuration list for PBXNativeTarget "Hw6" */ = {
			isa = XCConfigurationList;
			buildConfigurations = (
				75DB311E2BC93C3B0090DFAC /* Debug */,
				75DB311F2BC93C3B0090DFAC /* Release */,
			);
			defaultConfigurationIsVisible = 0;
			defaultConfigurationName = Release;
		};
/* End XCConfigurationList section */
	};
	rootObject = 75DB30FC2BC93C3A0090DFAC /* Project object */;
}
